
Microsoft Visual Studio Solution File, Format Version 12.00
Project("{FAE04EC0-301F-11D3-BF4B-00C04F79EFBC}") = "Basic Calculator", "Basic Calculator\Basic Calculator.csproj", "{3D9F234C-1434-448A-92A0-1AE6E57A7899}"
EndProject
Global
	GlobalSection(SolutionConfigurationPlatforms) = preSolution
		Debug|Any CPU = Debug|Any CPU
		Release|Any CPU = Release|Any CPU
	EndGlobalSection
	GlobalSection(ProjectConfigurationPlatforms) = postSolution
		{3D9F234C-1434-448A-92A0-1AE6E57A7899}.Debug|Any CPU.ActiveCfg = Debug|Any CPU
		{3D9F234C-1434-448A-92A0-1AE6E57A7899}.Debug|Any CPU.Build.0 = Debug|Any CPU
		{3D9F234C-1434-448A-92A0-1AE6E57A7899}.Release|Any CPU.ActiveCfg = Release|Any CPU
		{3D9F234C-1434-448A-92A0-1AE6E57A7899}.Release|Any CPU.Build.0 = Release|Any CPU
	EndGlobalSection
EndGlobal
